// !$*UTF8*$!
{
	archiveVersion = 1;
	classes = {
	};
	objectVersion = 34;
	objects = {
		D7BA7D76DAB5DD13389D6332 = {
			buildActionMask = 2147483647;
			files = (
				);
			generatedFileNames = (
				);
			isa = PBXShellScriptBuildPhase;
			name = "Qt Qmake";
			neededFileNames = (
				);
			shellPath = "/bin/sh";
			shellScript = "make\ -C\ /Users/weihuang/src/nv/hdf\ -f\ \'hdf.pbproj/qt_makeqmake.mak\'";
		};
		7B6DF8186AC7B35D9D0C138E = {
			isa = PBXFileReference;
			name = "hdfgeometry.cpp";
			path = "hdfgeometry.cpp";
			refType = 4;
		};
		9621F87EE6A0C0049AEA5B5D = {
			fileRef = "7B6DF8186AC7B35D9D0C138E";
			isa = PBXBuildFile;
			settings = {
				ATTRIBUTES = (
					);
			};
		};
		3C84F600C89F5CF7FDE4347F = {
			isa = PBXFileReference;
			name = "hdftranslator.cpp";
			path = "hdftranslator.cpp";
			refType = 4;
		};
		5775BDF831F292A80D184123 = {
			fileRef = "3C84F600C89F5CF7FDE4347F";
			isa = PBXBuildFile;
			settings = {
				ATTRIBUTES = (
					);
			};
		};
		AA14CE5291D1EA66BF6AA3C2 = {
			isa = PBXFileReference;
			name = "hdfcontroller.cpp";
			path = "hdfcontroller.cpp";
			refType = 4;
		};
		188098B9FE831F9E9412960D = {
			fileRef = "AA14CE5291D1EA66BF6AA3C2";
			isa = PBXBuildFile;
			settings = {
				ATTRIBUTES = (
					);
			};
		};
		444C5EFB0F2F697CC5805FE7 = {
			isa = PBXFileReference;
			name = "hdf2dviewer.cpp";
			path = "hdf2dviewer.cpp";
			refType = 4;
		};
		532C27BD7835D240E051BABA = {
			fileRef = "444C5EFB0F2F697CC5805FE7";
			isa = PBXBuildFile;
			settings = {
				ATTRIBUTES = (
					);
			};
		};
		DF80F7A22BE018FDC55B987E = {
			isa = PBXFileReference;
			name = "moc_hdftranslator.cpp";
			path = "moc_hdftranslator.cpp";
			refType = 4;
		};
		027E1B344F71F529C19FEC49 = {
			fileRef = "DF80F7A22BE018FDC55B987E";
			isa = PBXBuildFile;
			settings = {
				ATTRIBUTES = (
					);
			};
		};
		FAA113542C10927B26231FD7 = {
			isa = PBXFileReference;
			name = "hdfgeometry.h";
			path = "hdfgeometry.h";
			refType = 4;
		};
		D99A0AEC9739EDD9E63009FF = {
			isa = PBXFileReference;
			name = "hdftranslator.h";
			path = "hdftranslator.h";
			refType = 4;
		};
		6E26093279C1469348BC176E = {
			isa = PBXFileReference;
			name = "hdfcontroller.h";
			path = "hdfcontroller.h";
			refType = 4;
		};
		3EAC2E5FCAD9B3053746F7FE = {
			isa = PBXFileReference;
			name = "hdf2dviewer.h";
			path = "hdf2dviewer.h";
			refType = 4;
		};
		5E6F177EBC223B42D52876F3 = {
			isa = PBXFileReference;
			name = "hdf.pro";
			path = "hdf.pro";
			refType = 4;
		};
		883D7615C4D2DE3FA1218F12 = {
			isa = PBXGroup;
			children = (
				"FAA113542C10927B26231FD7",
				"D99A0AEC9739EDD9E63009FF",
				"6E26093279C1469348BC176E",
				"3EAC2E5FCAD9B3053746F7FE");
			name = "Headers";
			refType = 4;
		};
		FB61758D0F0FDA4BA867C3D5 = {
			isa = PBXGroup;
			children = (
				"7B6DF8186AC7B35D9D0C138E",
				"3C84F600C89F5CF7FDE4347F",
				"AA14CE5291D1EA66BF6AA3C2",
				"444C5EFB0F2F697CC5805FE7");
			name = "Sources";
			refType = 4;
		};
		7CABE3C80E79AD2B307756D2 = {
			isa = PBXGroup;
			children = (
				"5E6F177EBC223B42D52876F3");
			name = "Sources [qmake]";
			refType = 4;
		};
		46E892BBB6BB6952967E0561 = {
			isa = PBXGroup;
			children = (
				"DF80F7A22BE018FDC55B987E");
			name = "Temporary Sources";
			refType = 4;
		};
		A0A52A2ADF7A1E2A99738674 = {
			buildActionMask = 2147483647;
			files = (
				);
			generatedFileNames = (
				"9621F87EE6A0C0049AEA5B5D",
				"5775BDF831F292A80D184123",
				"188098B9FE831F9E9412960D",
				"532C27BD7835D240E051BABA",
				"027E1B344F71F529C19FEC49");
			isa = PBXShellScriptBuildPhase;
			name = "Qt Preprocessors";
			neededFileNames = (
				"9621F87EE6A0C0049AEA5B5D",
				"5775BDF831F292A80D184123",
				"188098B9FE831F9E9412960D",
				"532C27BD7835D240E051BABA",
				"027E1B344F71F529C19FEC49");
			shellPath = "/bin/sh";
			shellScript = "make\ -C\ /Users/weihuang/src/nv/hdf\ -f\ \'hdf.pbproj/qt_preprocess.mak\'";
		};
		C29B8785722055ED95EF7B57 = {
			buildActionMask = 2147483647;
			files = (
				"9621F87EE6A0C0049AEA5B5D",
				"5775BDF831F292A80D184123",
				"188098B9FE831F9E9412960D",
				"532C27BD7835D240E051BABA",
				"027E1B344F71F529C19FEC49");
			isa = PBXSourcesBuildPhase;
			name = "Build Sources";
		};
		C374004D45E01156F931B37D = {
			isa = PBXFrameworkReference;
			name = "QtOpenGL.framework";
			path = "/Library/Frameworks/QtOpenGL.framework";
			refType = 0;
		};
		450A0D11527AF164AEFE7377 = {
			fileRef = "C374004D45E01156F931B37D";
			isa = PBXBuildFile;
			settings = {
			};
		};
		9B36DA7E32F0304E780E7972 = {
			isa = PBXFrameworkReference;
			name = "QtGui.framework";
			path = "/Library/Frameworks/QtGui.framework";
			refType = 0;
		};
		501667F26B3C1FF6767A7C12 = {
			fileRef = "9B36DA7E32F0304E780E7972";
			isa = PBXBuildFile;
			settings = {
			};
		};
		7BC2E65A5E699A5E5D834CA2 = {
			isa = PBXFrameworkReference;
			name = "QtCore.framework";
			path = "/Library/Frameworks/QtCore.framework";
			refType = 0;
		};
		069D05B0128AE5DC7EE31738 = {
			fileRef = "7BC2E65A5E699A5E5D834CA2";
			isa = PBXBuildFile;
			settings = {
			};
		};
		DA18A6831232F53228631AD1 = {
			isa = PBXFrameworkReference;
			name = "OpenGL.framework";
			path = "/System/Library/Frameworks/OpenGL.framework";
			refType = 0;
		};
		BCEF71E1EDFB18DA77DC750B = {
			fileRef = "DA18A6831232F53228631AD1";
			isa = PBXBuildFile;
			settings = {
			};
		};
		C6766F86E49E9C8701C8E637 = {
			isa = PBXFrameworkReference;
			name = "AGL.framework";
			path = "/System/Library/Frameworks/AGL.framework";
			refType = 0;
		};
		0C6D4628EE0B0D1479A20551 = {
			fileRef = "C6766F86E49E9C8701C8E637";
			isa = PBXBuildFile;
			settings = {
			};
		};
		ED1E82605DD74B483AF3C982 = {
			children = (
				"C374004D45E01156F931B37D",
				"9B36DA7E32F0304E780E7972",
				"7BC2E65A5E699A5E5D834CA2",
				"DA18A6831232F53228631AD1",
				"C6766F86E49E9C8701C8E637");
			isa = PBXGroup;
			name = "External Frameworks and Libraries";
			path = "";
			refType = 4;
		};
		2A1043669E6E5A7426EA502A = {
			buildActionMask = 2147483647;
			files = (
				"450A0D11527AF164AEFE7377",
				"501667F26B3C1FF6767A7C12",
				"069D05B0128AE5DC7EE31738",
				"BCEF71E1EDFB18DA77DC750B",
				"0C6D4628EE0B0D1479A20551");
			isa = PBXFrameworksBuildPhase;
			name = "Frameworks & Libraries";
		};
		F6069D5A5DA8AA28EDB8B3C6 = {
			name = "Project Copy";
			buildActionMask = 2147483647;
			dstPath = "/usr/local/lib/nv";
			dstSubfolderSpec = 0;
			files = (
"07E0DFA73EB56DCB9E28CDD9");
			isa = PBXCopyFilesBuildPhase;
			runOnlyForDeploymentPostprocessing = 0;
		};
		07E0DFA73EB56DCB9E28CDD9 = {
			fileRef = "78DC4BBC061F89408DAE80A2";
			isa = PBXBuildFile;
			settings = {
			};
		};
		05596AB53D8D521C69802C27 = {
			children = (
				"FB61758D0F0FDA4BA867C3D5",
				"46E892BBB6BB6952967E0561",
				"883D7615C4D2DE3FA1218F12",
				"7CABE3C80E79AD2B307756D2",
				"ED1E82605DD74B483AF3C982");
			isa = PBXGroup;
			name = "hdf";
			path = "";
			refType = 4;
		};
		78DC4BBC061F89408DAE80A2 = {
			isa = PBXFileReference;
			explicitFileType = "compiled.mach-o.dylib";
			path = "libhdf.dylib";
			refType = 3;
			sourceTree = BUILT_PRODUCTS_DIR;
		};
		068F80C7519D0528FB08E821 = {
			children = (
				"78DC4BBC061F89408DAE80A2");
			isa = PBXGroup;
			name = "Products";
			refType = 4;
		};
		801CF79824AA9057BE4B9B80 = {
			buildPhases = (
				"D7BA7D76DAB5DD13389D6332",
				"A0A52A2ADF7A1E2A99738674",
				"F6069D5A5DA8AA28EDB8B3C6",
				"C29B8785722055ED95EF7B57",
				"2A1043669E6E5A7426EA502A");
			buildSettings = {
				CC = "/usr/bin/clang";
				CPLUSPLUS = "/usr/bin/clang++";
				HEADER_SEARCH_PATHS = (
					"/Library/Frameworks/QtCore.framework/Versions/4/Headers",
					"/usr/include/QtCore",
					"/Library/Frameworks/QtGui.framework/Versions/4/Headers",
					"/usr/include/QtGui",
					"/Library/Frameworks/QtOpenGL.framework/Versions/4/Headers",
					"/usr/include/QtOpenGL",
					"/usr/include",
					"/opt/local/include",
					"/usr/local/include",
					"/opt/X11/include",
					"/opt/X11/include/freetype2",
					"/opt/local/libexec/qt4/include",
					"../../../lib/NCLDEV/include",
					"../include",
					"../shared",
					"../geometry",
					"../coastline",
					"../translator",
					"../nclapp",
					"/System/Library/Frameworks/OpenGL.framework/Headers",
					"/System/Library/Frameworks/AGL.framework/Headers/",
					".",
					"/usr/local/include",
					"/System/Library/Frameworks/CarbonCore.framework/Headers",
					"/usr/local/Qt4.7/mkspecs/macx-xcode");
				LIBRARY_SEARCH_PATHS = (
					"$(DESTDIR)",
					"/Library/Frameworks",
					"/System/Library/Frameworks/");
				OPTIMIZATION_CFLAGS = (
					);
				OTHER_CFLAGS = (
					"-g",
					"-DUSENCL",
					"-g",
					"-Wall",
					"-W",
					"-fPIC",
					"-DQT_OPENGL_LIB",
					"-DQT_GUI_LIB",
					"-DQT_CORE_LIB",
					"-DQT_SHARED");
				OTHER_CPLUSPLUSFLAGS = (
					"-g",
					"-DUSENCL",
					"-DGL_GLEXT_PROTOTYPES",
					"-g",
					"-Wall",
					"-W",
					"-fPIC",
					"-DQT_OPENGL_LIB",
					"-DQT_GUI_LIB",
					"-DQT_CORE_LIB",
					"-DQT_SHARED");
				LEXFLAGS = "";
				YACCFLAGS = "-d";
				OTHER_REZFLAGS = "";
				SECTORDER_FLAGS = "";
				WARNING_CFLAGS = "";
				PREBINDING = NO;
				BUILD_ROOT = "/Users/weihuang/src/nv/hdf";
				OTHER_LDFLAGS = (
						"-g",
						"-single_module",
						"-dynamiclib",
						"-L$(DESTDIR)",
						"-L/Library/Frameworks",
						"-F/Library/Frameworks",
						"-lshared",
						"-lgeometry",
						"-lcoastline",
						"-ltranslator",
						"-lnclapp",
						"-liconv.2.4.0");
				INSTALL_DIR = "/usr/local/lib/nv/";
				INSTALL_PATH = "";
				DYLIB_CURRENT_VERSION = "1.0.0";
				DYLIB_COMPATIBILITY_VERSION = "1.0";
				MACOSX_DEPLOYMENT_TARGET = "10.4";
				LIBRARY_STYLE = "DYNAMIC";
				PRODUCT_NAME = "libhdf";
				DESTDIR = "";
			};
			conditionalBuildSettings = {
			};
			dependencies = (
				);
			productReference = "78DC4BBC061F89408DAE80A2";
			shouldUseHeadermap = 1;
			name = "libhdf";
			productName = "libhdf";
			isa = PBXLibraryTarget;
			startupPath = "<<ProjectDirectory>>";
			productInstallPath = "/usr/local/lib/nv/";
		};
		8D0921A599A626D1569D9498 = {
			buildRules = (
				);
			buildSettings = {
				COPY_PHASE_STRIP = "NO";
				GCC_GENERATE_DEBUGGING_SYMBOLS = "YES";
				GCC_OPTIMIZATION_LEVEL = "0";
			};
			isa = "PBXBuildStyle";
			name = "Development";
		};
		4CFAD8B741C7FF5A47E1CF98 = {
			buildRules = (
				);
			buildSettings = {
				COPY_PHASE_STRIP = "YES";
				GCC_GENERATE_DEBUGGING_SYMBOLS = "NO";
			};
			isa = "PBXBuildStyle";
			name = "Deployment";
		};
		91B15E841AA80083484172DE = {
			buildStyles = (
				"8D0921A599A626D1569D9498");
			hasScannedForEncodings = 1;
			isa = PBXProject;
			mainGroup = "05596AB53D8D521C69802C27";
			projectDirPath = "";
			targets = (
				"801CF79824AA9057BE4B9B80");
		};
	};
	rootObject = "91B15E841AA80083484172DE";
}
